Microsoft Visual Studio Solution File, Format Version 12.00
# Visual Studio Version 17
VisualStudioVersion = 17.5.2.0
MinimumVisualStudioVersion = 10.0.40219.1
Project("{FAE04EC0-301F-11D3-BF4B-00C04F79EFBC}") = "Encurtador.WebApi", "Encurtador.WebApi.csproj", "{22331757-0471-748B-FFDB-8BD125B2BBEC}"
EndProject
Global
	GlobalSection(SolutionConfigurationPlatforms) = preSolution
		Debug|Any CPU = Debug|Any CPU
		Release|Any CPU = Release|Any CPU
	EndGlobalSection
	GlobalSection(ProjectConfigurationPlatforms) = postSolution
		{22331757-0471-748B-FFDB-8BD125B2BBEC}.Debug|Any CPU.ActiveCfg = Debug|Any CPU
		{22331757-0471-748B-FFDB-8BD125B2BBEC}.Debug|Any CPU.Build.0 = Debug|Any CPU
		{22331757-0471-748B-FFDB-8BD125B2BBEC}.Release|Any CPU.ActiveCfg = Release|Any CPU
		{22331757-0471-748B-FFDB-8BD125B2BBEC}.Release|Any CPU.Build.0 = Release|Any CPU
	EndGlobalSection
	GlobalSection(SolutionProperties) = preSolution
		HideSolutionNode = FALSE
	EndGlobalSection
	GlobalSection(ExtensibilityGlobals) = postSolution
		SolutionGuid = {1F37378A-8FC7-49EB-B1F6-9A55B7310A31}
	EndGlobalSection
EndGlobal
